{
  "nodes": {
    "brew-src": {
      "flake": false,
      "locked": {
        "lastModified": 1786945682,
        "narHash": "sha256-VBESSoJccikdhxh3vp3SQeG7cZXTOulMvVkoSqNDEhs=",
        "owner": "Homebrew",
        "repo": "brew",
        "rev": "5b90e281d4e0c8fbd6ca4d8358276fb305b8d0bd",
        "type": "github"
      },
      "original": {
        "owner": "Homebrew",
        "ref": "6.0.18",
        "repo": "brew",
        "type": "github"
      }
    },
    "chromeDevtoolsAxi": {
      "flake": false,
      "locked": {
        "lastModified": 1787529424,
        "narHash": "sha256-xJUUHqHbX99n4QqoFL56FbCv1qpIME9tRebO2XSMHxs=",
        "owner": "kunchenguid",
        "repo": "chrome-devtools-axi",
        "rev": "75dd6ca57eda1e160df82d73985d471cd405eee3",
        "type": "github"
      },
      "original": {
        "owner": "kunchenguid",
        "repo": "chrome-devtools-axi",
        "type": "github"
      }
    },
    "ghAxi": {
      "flake": false,
      "locked": {
        "lastModified": 1787529428,
        "narHash": "sha256-sW7Jk79kUmMjTGplyVLdx/1Tw8mDaKwgkYpplB7IwwU=",
        "owner": "kunchenguid",
        "repo": "gh-axi",
        "rev": "70fea53e397a59831beaeed3b2645ae87aa0ee11",
        "type": "github"
      },
      "original": {
        "owner": "kunchenguid",
        "repo": "gh-axi",
        "type": "github"
      }
    },
    "gnhf": {
      "flake": false,
      "locked": {
        "lastModified": 1787450196,
        "narHash": "sha256-GiZKBUfXA6O5nDfZ5t4Gok4p1iVousRM6DR2tgzuRp8=",
        "owner": "kunchenguid",
        "repo": "gnhf",
        "rev": "5a46288a161b2cf923bca8327ab853a88a15a5a2",
        "type": "github"
      },
      "original": {
        "owner": "kunchenguid",
        "repo": "gnhf",
        "type": "github"
      }
    },
    "gstack": {
      "flake": false,
      "locked": {
        "lastModified": 1787351546,
        "narHash": "sha256-gVDlx0thCIwpH+yngT2Z9hGTzaigGMgs6yvn0RS2VrI=",
        "owner": "garrytan",
        "repo": "gstack",
        "rev": "85fd9db554ae4aaaa6d356d2daf873121ee85bdd",
        "type": "github"
      },
      "original": {
        "owner": "garrytan",
        "repo": "gstack",
        "type": "github"
      }
    },
    "herdr": {
      "inputs": {
        "nixpkgs": [
          "nixpkgs-linux"
        ],
        "rust-overlay": "rust-overlay"
      },
      "locked": {
        "lastModified": 1787536184,
        "narHash": "sha256-BElMdZnbe7Trt7Rs0u5utMbLm8Fydq6g0XhRHQCixAU=",
        "owner": "ogulcancelik",
        "repo": "herdr",
        "rev": "7d56b4c51b046a5d477439bcea4512339f8841aa",
        "type": "github"
      },
      "original": {
        "owner": "ogulcancelik",
        "repo": "herdr",
        "type": "github"
      }
    },
    "home-manager": {
      "inputs": {
        "nixpkgs": [
          "nixpkgs"
        ]
      },
      "locked": {
        "lastModified": 1787377438,
        "narHash": "sha256-Sxu1NLTD/Ern6hFGLlZmtKCSct3YQXZI/lls8RE1XeM=",
        "owner": "nix-community",
        "repo": "home-manager",
        "rev": "65258d5c65a250189fde2e35f490d15e064c4c62",
        "type": "github"
      },
      "original": {
        "owner": "nix-community",
        "ref": "release-26.05",
        "repo": "home-manager",
        "type": "github"
      }
    },
    "lavish": {
      "flake": false,
      "locked": {
        "lastModified": 1786516142,
        "narHash": "sha256-prwJzQwh7XMVJNg49iAMHdXIrKY1meOMb4L0MTAop8c=",
        "owner": "kunchenguid",
        "repo": "lavish-axi",
        "rev": "e902be0f641d6cece2177c40a7551b9f8c8305ae",
        "type": "github"
      },
      "original": {
        "owner": "kunchenguid",
        "repo": "lavish-axi",
        "type": "github"
      }
    },
    "nix-darwin": {
      "inputs": {
        "nixpkgs": [
          "nixpkgs"
        ]
      },
      "locked": {
        "lastModified": 1783744694,
        "narHash": "sha256-2cp6N3rrwnGYLTx9l6N+NI+kwrCWxvJUbj5WJhvB29A=",
        "owner": "nix-darwin",
        "repo": "nix-darwin",
        "rev": "c3e90c89649b07d1a96e4b9dd6cd0d6e44b91a74",
        "type": "github"
      },
      "original": {
        "owner": "nix-darwin",
        "ref": "nix-darwin-26.05",
        "repo": "nix-darwin",
        "type": "github"
      }
    },
    "nix-homebrew": {
      "inputs": {
        "brew-src": "brew-src"
      },
      "locked": {
        "lastModified": 1787330919,
        "narHash": "sha256-LslMncqN7uOOH5S88WZtO/EVt2HwD8ltUnfyANk+mC0=",
        "owner": "zhaofengli",
        "repo": "nix-homebrew",
        "rev": "b00218e4aec0e5bf07d61a0bb13f842faa582d7b",
        "type": "github"
      },
      "original": {
        "owner": "zhaofengli",
        "repo": "nix-homebrew",
        "type": "github"
      }
    },
    "nixpkgs": {
      "locked": {
        "lastModified": 1787323337,
        "narHash": "sha256-PqomwlB2WugM9MC4tV1L2/yosMOfug3KBDjmqOqD1bU=",
        "owner": "NixOS",
        "repo": "nixpkgs",
        "rev": "6062ba1a1b8b6281b12533c9075a2dbeb38f7e49",
        "type": "github"
      },
      "original": {
        "owner": "NixOS",
        "ref": "nixpkgs-26.05-darwin",
        "repo": "nixpkgs",
        "type": "github"
      }
    },
    "nixpkgs-linux": {
      "locked": {
        "lastModified": 1787414105,
        "narHash": "sha256-WncT27+3BOkgTaJZLnCsf3LcYf9RXMuR9ONSN4rzQ7s=",
        "owner": "NixOS",
        "repo": "nixpkgs",
        "rev": "a9e6d84f9c2f9012f5fe7d964a7851352300e61a",
        "type": "github"
      },
      "original": {
        "owner": "NixOS",
        "ref": "nixos-26.05",
        "repo": "nixpkgs",
        "type": "github"
      }
    },
    "quotaAxi": {
      "flake": false,
      "locked": {
        "lastModified": 1787550290,
        "narHash": "sha256-GimKcRvIzJ9dBfcdgfZusKkHewvJTCWa6dLu5e+klC0=",
        "owner": "kunchenguid",
        "repo": "quota-axi",
        "rev": "600da6fc08111a64efb35eeeaf76f1184b446b24",
        "type": "github"
      },
      "original": {
        "owner": "kunchenguid",
        "repo": "quota-axi",
        "type": "github"
      }
    },
    "root": {
      "inputs": {
        "chromeDevtoolsAxi": "chromeDevtoolsAxi",
        "ghAxi": "ghAxi",
        "gnhf": "gnhf",
        "gstack": "gstack",
        "herdr": "herdr",
        "home-manager": "home-manager",
        "lavish": "lavish",
        "nix-darwin": "nix-darwin",
        "nix-homebrew": "nix-homebrew",
        "nixpkgs": "nixpkgs",
        "nixpkgs-linux": "nixpkgs-linux",
        "quotaAxi": "quotaAxi",
        "superpowers": "superpowers",
        "tasksAxi": "tasksAxi"
      }
    },
    "rust-overlay": {
      "inputs": {
        "nixpkgs": [
          "herdr",
          "nixpkgs"
        ]
      },
      "locked": {
        "lastModified": 1783577481,
        "narHash": "sha256-EWMxOWrJ031f8f/lrcEmhTRs4npw1/5N3Hcjin846c8=",
        "owner": "oxalica",
        "repo": "rust-overlay",
        "rev": "4cdea398dc491b082dccdce0fad1ed0b75fa3394",
        "type": "github"
      },
      "original": {
        "owner": "oxalica",
        "repo": "rust-overlay",
        "type": "github"
      }
    },
    "superpowers": {
      "flake": false,
      "locked": {
        "lastModified": 1786553601,
        "narHash": "sha256-EsGNO0dULWf5Bx6bGrCv2kI2Z8aKH0kRvGiuN23wChQ=",
        "owner": "obra",
        "repo": "superpowers",
        "rev": "b36e0829c6d0140e93cfef2ca599b1b07d4a7797",
        "type": "github"
      },
      "original": {
        "owner": "obra",
        "repo": "superpowers",
        "type": "github"
      }
    },
    "tasksAxi": {
      "flake": false,
      "locked": {
        "lastModified": 1787529432,
        "narHash": "sha256-OMzZdf6P9Ty2Isa1M0T/dQcKXY9CmCgIYT+cxWykA9k=",
        "owner": "kunchenguid",
        "repo": "tasks-axi",
        "rev": "d9175b6d083d693c5b6ca21652454d52e4b312d9",
        "type": "github"
      },
      "original": {
        "owner": "kunchenguid",
        "repo": "tasks-axi",
        "type": "github"
      }
    }
  },
  "root": "root",
  "version": 7
}
