{
  "nodes": {
    "brew-src": {
      "flake": false,
      "locked": {
        "lastModified": 1789661079,
        "narHash": "sha256-geVTQ51PGZ1mLULM5k7wO7qt/6xenOR/YG8X7Q3eCaI=",
        "owner": "Homebrew",
        "repo": "brew",
        "rev": "edb70f031e4170c780799633a1226ff73e1077f4",
        "type": "github"
      },
      "original": {
        "owner": "Homebrew",
        "ref": "7.0.4",
        "repo": "brew",
        "type": "github"
      }
    },
    "chromeDevtoolsAxi": {
      "flake": false,
      "locked": {
        "lastModified": 1789964377,
        "narHash": "sha256-kfxDHsItNXcjJIf3Yo+2MaPHirSD4W+StV4FQFxagGE=",
        "owner": "kunchenguid",
        "repo": "chrome-devtools-axi",
        "rev": "6c90a9a566fc510c30c69ff255e5212ee886d1ce",
        "type": "github"
      },
      "original": {
        "owner": "kunchenguid",
        "repo": "chrome-devtools-axi",
        "type": "github"
      }
    },
    "ghAxi": {
      "flake": false,
      "locked": {
        "lastModified": 1789444912,
        "narHash": "sha256-jSB982pA7rpx+9XT8JiFdEgbRS7dHzt5DcJ3qhpI6os=",
        "owner": "kunchenguid",
        "repo": "gh-axi",
        "rev": "2bffd9a5b60ded64d6c9851683b27a480173a7ee",
        "type": "github"
      },
      "original": {
        "owner": "kunchenguid",
        "repo": "gh-axi",
        "type": "github"
      }
    },
    "gnhf": {
      "flake": false,
      "locked": {
        "lastModified": 1788530940,
        "narHash": "sha256-Fumuia94JlyMU7HHsbjevK6YULjZ1qlH+0Bi373Nx9Y=",
        "owner": "kunchenguid",
        "repo": "gnhf",
        "rev": "0227fe415d38e6df0fad4828c7999ba2a3b065de",
        "type": "github"
      },
      "original": {
        "owner": "kunchenguid",
        "repo": "gnhf",
        "type": "github"
      }
    },
    "gstack": {
      "flake": false,
      "locked": {
        "lastModified": 1789533311,
        "narHash": "sha256-hoJCRmRRaNn9HFhMv46lRYARoVm3fHjg37u2tAlTj3I=",
        "owner": "garrytan",
        "repo": "gstack",
        "rev": "a6b3a57512ca6d5c6aa5b68f74f736195021f96e",
        "type": "github"
      },
      "original": {
        "owner": "garrytan",
        "repo": "gstack",
        "type": "github"
      }
    },
    "herdr": {
      "inputs": {
        "nixpkgs": [
          "nixpkgs-linux"
        ],
        "rust-overlay": "rust-overlay"
      },
      "locked": {
        "lastModified": 1789952218,
        "narHash": "sha256-GJQAnChlxi9/mP5pdIMI+huQpy/PVQKc9UVvm8ohb4Q=",
        "owner": "ogulcancelik",
        "repo": "herdr",
        "rev": "5a649142233631f8407b4099da0e8e78dfef8574",
        "type": "github"
      },
      "original": {
        "owner": "ogulcancelik",
        "repo": "herdr",
        "type": "github"
      }
    },
    "home-manager": {
      "inputs": {
        "nixpkgs": [
          "nixpkgs"
        ]
      },
      "locked": {
        "lastModified": 1789267039,
        "narHash": "sha256-LWiBv9yAYFi2LPbUhDGHPGKYskJQjj2fw12OlyO1uQo=",
        "owner": "nix-community",
        "repo": "home-manager",
        "rev": "ec172013fa62135f58fb58dd17ae9651e8f39727",
        "type": "github"
      },
      "original": {
        "owner": "nix-community",
        "ref": "release-26.05",
        "repo": "home-manager",
        "type": "github"
      }
    },
    "lavish": {
      "flake": false,
      "locked": {
        "lastModified": 1789954204,
        "narHash": "sha256-RX98FrlgTlLierUHUn3EwI9tqIqFDO2iReUYXJEoVTw=",
        "owner": "kunchenguid",
        "repo": "lavish-axi",
        "rev": "b4e82c63563cc9b4feaf947db53ec44902d10fb8",
        "type": "github"
      },
      "original": {
        "owner": "kunchenguid",
        "repo": "lavish-axi",
        "type": "github"
      }
    },
    "nix-darwin": {
      "inputs": {
        "nixpkgs": [
          "nixpkgs"
        ]
      },
      "locked": {
        "lastModified": 1783744694,
        "narHash": "sha256-2cp6N3rrwnGYLTx9l6N+NI+kwrCWxvJUbj5WJhvB29A=",
        "owner": "nix-darwin",
        "repo": "nix-darwin",
        "rev": "c3e90c89649b07d1a96e4b9dd6cd0d6e44b91a74",
        "type": "github"
      },
      "original": {
        "owner": "nix-darwin",
        "ref": "nix-darwin-26.05",
        "repo": "nix-darwin",
        "type": "github"
      }
    },
    "nix-homebrew": {
      "inputs": {
        "brew-src": "brew-src"
      },
      "locked": {
        "lastModified": 1789928041,
        "narHash": "sha256-iV37ieTcE4ZLOYEe0VznW6dWMBe4lEL8AbK1vblyZGM=",
        "owner": "zhaofengli",
        "repo": "nix-homebrew",
        "rev": "c11cccfdd36dd69b5323d70d354b2853379c2426",
        "type": "github"
      },
      "original": {
        "owner": "zhaofengli",
        "repo": "nix-homebrew",
        "type": "github"
      }
    },
    "nixpkgs": {
      "locked": {
        "lastModified": 1789485310,
        "narHash": "sha256-VsDMTLSkAAJmbNha6sGNzlF33X7RESWLl3SnjDQu+4U=",
        "owner": "NixOS",
        "repo": "nixpkgs",
        "rev": "0c32f40fe3e2a9adfc427fd5abc061a31043ea44",
        "type": "github"
      },
      "original": {
        "owner": "NixOS",
        "ref": "nixpkgs-26.05-darwin",
        "repo": "nixpkgs",
        "type": "github"
      }
    },
    "nixpkgs-agents": {
      "locked": {
        "lastModified": 1789785513,
        "narHash": "sha256-B44WL6h0XoLjJ41bUPJk0X5SDinLCII//6EcBLXKiJ0=",
        "owner": "NixOS",
        "repo": "nixpkgs",
        "rev": "20b1ddd1aa5ace70c9468305030aa4f9ef79671b",
        "type": "github"
      },
      "original": {
        "owner": "NixOS",
        "ref": "nixos-unstable",
        "repo": "nixpkgs",
        "type": "github"
      }
    },
    "nixpkgs-linux": {
      "locked": {
        "lastModified": 1789885152,
        "narHash": "sha256-mDNo95riUw8k0MA2Btzj/OuiMcfLKofqIliLYsLbrSY=",
        "owner": "NixOS",
        "repo": "nixpkgs",
        "rev": "6d663c0533ff269008fb84e45930151e37c99db9",
        "type": "github"
      },
      "original": {
        "owner": "NixOS",
        "ref": "nixos-26.05",
        "repo": "nixpkgs",
        "type": "github"
      }
    },
    "quotaAxi": {
      "flake": false,
      "locked": {
        "lastModified": 1789914341,
        "narHash": "sha256-Z6U4sz5kbBaulEz1yivSF91EtpkHPosei0rwfVj2SPA=",
        "owner": "kunchenguid",
        "repo": "quota-axi",
        "rev": "be0a3530e0d3b19185a96f12df5f0669832f49ab",
        "type": "github"
      },
      "original": {
        "owner": "kunchenguid",
        "repo": "quota-axi",
        "type": "github"
      }
    },
    "root": {
      "inputs": {
        "chromeDevtoolsAxi": "chromeDevtoolsAxi",
        "ghAxi": "ghAxi",
        "gnhf": "gnhf",
        "gstack": "gstack",
        "herdr": "herdr",
        "home-manager": "home-manager",
        "lavish": "lavish",
        "nix-darwin": "nix-darwin",
        "nix-homebrew": "nix-homebrew",
        "nixpkgs": "nixpkgs",
        "nixpkgs-agents": "nixpkgs-agents",
        "nixpkgs-linux": "nixpkgs-linux",
        "quotaAxi": "quotaAxi",
        "superpowers": "superpowers",
        "tasksAxi": "tasksAxi"
      }
    },
    "rust-overlay": {
      "inputs": {
        "nixpkgs": [
          "herdr",
          "nixpkgs"
        ]
      },
      "locked": {
        "lastModified": 1783577481,
        "narHash": "sha256-EWMxOWrJ031f8f/lrcEmhTRs4npw1/5N3Hcjin846c8=",
        "owner": "oxalica",
        "repo": "rust-overlay",
        "rev": "4cdea398dc491b082dccdce0fad1ed0b75fa3394",
        "type": "github"
      },
      "original": {
        "owner": "oxalica",
        "repo": "rust-overlay",
        "type": "github"
      }
    },
    "superpowers": {
      "flake": false,
      "locked": {
        "lastModified": 1789777895,
        "narHash": "sha256-rgeJhjQyABYlhlyFRmgyhbZmmmIPPNkch4CXyTkGEyM=",
        "owner": "obra",
        "repo": "superpowers",
        "rev": "5bf4e78011075bcfc0dc295f0724994cd123ee71",
        "type": "github"
      },
      "original": {
        "owner": "obra",
        "repo": "superpowers",
        "type": "github"
      }
    },
    "tasksAxi": {
      "flake": false,
      "locked": {
        "lastModified": 1787529432,
        "narHash": "sha256-OMzZdf6P9Ty2Isa1M0T/dQcKXY9CmCgIYT+cxWykA9k=",
        "owner": "kunchenguid",
        "repo": "tasks-axi",
        "rev": "d9175b6d083d693c5b6ca21652454d52e4b312d9",
        "type": "github"
      },
      "original": {
        "owner": "kunchenguid",
        "repo": "tasks-axi",
        "type": "github"
      }
    }
  },
  "root": "root",
  "version": 7
}
